
Microsoft Visual Studio Solution File, Format Version 12.00
# Visual Studio Version 16
VisualStudioVersion = 16.0.30621.155
MinimumVisualStudioVersion = 10.0.40219.1
Project("{FAE04EC0-301F-11D3-BF4B-00C04F79EFBC}") = "AplicacionTestCadenas", "AplicacionTestCadenas\AplicacionTestCadenas.csproj", "{194D9D95-EB8F-456E-8EE6-0C97E6663F0A}"
EndProject
Global
	GlobalSection(SolutionConfigurationPlatforms) = preSolution
		Debug|Any CPU = Debug|Any CPU
		Release|Any CPU = Release|Any CPU
	EndGlobalSection
	GlobalSection(ProjectConfigurationPlatforms) = postSolution
		{194D9D95-EB8F-456E-8EE6-0C97E6663F0A}.Debug|Any CPU.ActiveCfg = Debug|Any CPU
		{194D9D95-EB8F-456E-8EE6-0C97E6663F0A}.Debug|Any CPU.Build.0 = Debug|Any CPU
		{194D9D95-EB8F-456E-8EE6-0C97E6663F0A}.Release|Any CPU.ActiveCfg = Release|Any CPU
		{194D9D95-EB8F-456E-8EE6-0C97E6663F0A}.Release|Any CPU.Build.0 = Release|Any CPU
	EndGlobalSection
	GlobalSection(SolutionProperties) = preSolution
		HideSolutionNode = FALSE
	EndGlobalSection
	GlobalSection(ExtensibilityGlobals) = postSolution
		SolutionGuid = {90C44E4C-6812-48E5-90CF-130FC329BC75}
	EndGlobalSection
EndGlobal
